
Microsoft Visual Studio Solution File, Format Version 12.00
# Visual Studio Version 17
VisualStudioVersion = 17.8.34330.188
MinimumVisualStudioVersion = 10.0.40219.1
Project("{FAE04EC0-301F-11D3-BF4B-00C04F79EFBC}") = "ChatApp", "ChatApp\ChatApp.csproj", "{7C9F583C-828F-42FA-8C57-DEA882DFA15C}"
EndProject
Global
	GlobalSection(SolutionConfigurationPlatforms) = preSolution
		Debug|Any CPU = Debug|Any CPU
		Release|Any CPU = Release|Any CPU
	EndGlobalSection
	GlobalSection(ProjectConfigurationPlatforms) = postSolution
		{7C9F583C-828F-42FA-8C57-DEA882DFA15C}.Debug|Any CPU.ActiveCfg = Debug|Any CPU
		{7C9F583C-828F-42FA-8C57-DEA882DFA15C}.Debug|Any CPU.Build.0 = Debug|Any CPU
		{7C9F583C-828F-42FA-8C57-DEA882DFA15C}.Release|Any CPU.ActiveCfg = Release|Any CPU
		{7C9F583C-828F-42FA-8C57-DEA882DFA15C}.Release|Any CPU.Build.0 = Release|Any CPU
	EndGlobalSection
	GlobalSection(SolutionProperties) = preSolution
		HideSolutionNode = FALSE
	EndGlobalSection
	GlobalSection(ExtensibilityGlobals) = postSolution
		SolutionGuid = {9E5094ED-DD12-4B9A-98FC-3AC7978A76DB}
	EndGlobalSection
EndGlobal
