
Microsoft Visual Studio Solution File, Format Version 12.00
# Visual Studio Version 17
VisualStudioVersion = 17.8.34330.188
MinimumVisualStudioVersion = 10.0.40219.1
Project("{9A19103F-16F7-4668-BE54-9A1E7A4F7556}") = "PersonRegister", "Person-Register\PersonRegister.csproj", "{EB08E70B-611D-4FA3-BBC0-8F9A9994B995}"
EndProject
Global
	GlobalSection(SolutionConfigurationPlatforms) = preSolution
		Debug|Any CPU = Debug|Any CPU
		Release|Any CPU = Release|Any CPU
	EndGlobalSection
	GlobalSection(ProjectConfigurationPlatforms) = postSolution
		{EB08E70B-611D-4FA3-BBC0-8F9A9994B995}.Debug|Any CPU.ActiveCfg = Debug|Any CPU
		{EB08E70B-611D-4FA3-BBC0-8F9A9994B995}.Debug|Any CPU.Build.0 = Debug|Any CPU
		{EB08E70B-611D-4FA3-BBC0-8F9A9994B995}.Release|Any CPU.ActiveCfg = Release|Any CPU
		{EB08E70B-611D-4FA3-BBC0-8F9A9994B995}.Release|Any CPU.Build.0 = Release|Any CPU
	EndGlobalSection
	GlobalSection(SolutionProperties) = preSolution
		HideSolutionNode = FALSE
	EndGlobalSection
	GlobalSection(ExtensibilityGlobals) = postSolution
		SolutionGuid = {00571D95-01E4-4980-8353-C24D56973C10}
	EndGlobalSection
EndGlobal
