
Microsoft Visual Studio Solution File, Format Version 12.00
# Visual Studio Version 17
VisualStudioVersion = 17.8.34330.188
MinimumVisualStudioVersion = 10.0.40219.1
Project("{FAE04EC0-301F-11D3-BF4B-00C04F79EFBC}") = "MVCInterDemo", "MVCInterDemo\MVCInterDemo.csproj", "{22F5F641-BDA5-4838-8833-733538731BFC}"
EndProject
Global
	GlobalSection(SolutionConfigurationPlatforms) = preSolution
		Debug|Any CPU = Debug|Any CPU
		Release|Any CPU = Release|Any CPU
	EndGlobalSection
	GlobalSection(ProjectConfigurationPlatforms) = postSolution
		{22F5F641-BDA5-4838-8833-733538731BFC}.Debug|Any CPU.ActiveCfg = Debug|Any CPU
		{22F5F641-BDA5-4838-8833-733538731BFC}.Debug|Any CPU.Build.0 = Debug|Any CPU
		{22F5F641-BDA5-4838-8833-733538731BFC}.Release|Any CPU.ActiveCfg = Release|Any CPU
		{22F5F641-BDA5-4838-8833-733538731BFC}.Release|Any CPU.Build.0 = Release|Any CPU
	EndGlobalSection
	GlobalSection(SolutionProperties) = preSolution
		HideSolutionNode = FALSE
	EndGlobalSection
	GlobalSection(ExtensibilityGlobals) = postSolution
		SolutionGuid = {8E2E2FD6-C8E8-4396-A007-83363302BA52}
	EndGlobalSection
EndGlobal
